{
  "name": "app",
  "lockfileVersion": 2,
  "requires": true,
  "packages": {
    "": {
      "name": "app",
      "dependencies": {
        "@hotwired/stimulus": "^3.0.1",
        "@hotwired/turbo-rails": "^7.1.1",
        "esbuild": "^0.14.25",
        "react": "^18.0.0-rc.2",
        "react-dom": "^18.0.0-rc.2"
      }
    },
    "node_modules/@hotwired/stimulus": {
      "version": "3.0.1",
      "resolved": "https://registry.npmjs.org/@hotwired/stimulus/-/stimulus-3.0.1.tgz",
      "integrity": "sha512-oHsJhgY2cip+K2ED7vKUNd2P+BEswVhrCYcJ802DSsblJFv7mPFVk3cQKvm2vHgHeDVdnj7oOKrBbzp1u8D+KA==",
      "license": "MIT"
    },
    "node_modules/@hotwired/turbo": {
      "version": "7.1.0",
      "resolved": "https://registry.npmjs.org/@hotwired/turbo/-/turbo-7.1.0.tgz",
      "integrity": "sha512-Q8kGjqwPqER+CtpQudbH+3Zgs2X4zb6pBAlr6NsKTXadg45pAOvxI9i4QpuHbwSzR2+x87HUm+rot9F/Pe8rxA==",
      "license": "MIT"
    },
    "node_modules/@hotwired/turbo-rails": {
      "version": "7.1.1",
      "resolved": "https://registry.npmjs.org/@hotwired/turbo-rails/-/turbo-rails-7.1.1.tgz",
      "integrity": "sha512-ZXpxUjCfkdbuXfoGrsFK80qsVzACs8xCfie9rt2jMTSN6o1olXVA0Nrk8u02yNEwSiVJm/4QSOa8cUcMj6VQjg==",
      "license": "MIT",
      "dependencies": {
        "@hotwired/turbo": "^7.1.0",
        "@rails/actioncable": "^7.0"
      }
    },
    "node_modules/@rails/actioncable": {
      "version": "7.0.2",
      "resolved": "https://registry.npmjs.org/@rails/actioncable/-/actioncable-7.0.2.tgz",
      "integrity": "sha512-G26maXW1Kx0LxQdmNNuNjQlRO/QlXNr3QfuwKiOKb5FZQGYe2OwtHTGXBAjSoiu4dW36XYMT/+L1Wo1Yov4ZXA==",
      "license": "MIT"
    },
    "node_modules/esbuild": {
      "version": "0.14.25",
      "resolved": "https://registry.npmjs.org/esbuild/-/esbuild-0.14.25.tgz",
      "integrity": "sha512-4JHEIOMNFvK09ziiL+iVmldIhLbn49V4NAVo888tcGFKedEZY/Y8YapfStJ6zSE23tzYPKxqKwQBnQoIO0BI/Q==",
      "hasInstallScript": true,
      "license": "MIT",
      "bin": {
        "esbuild": "bin/esbuild"
      },
      "engines": {
        "node": ">=12"
      },
      "optionalDependencies": {
        "esbuild-android-64": "0.14.25",
        "esbuild-android-arm64": "0.14.25",
        "esbuild-darwin-64": "0.14.25",
        "esbuild-darwin-arm64": "0.14.25",
        "esbuild-freebsd-64": "0.14.25",
        "esbuild-freebsd-arm64": "0.14.25",
        "esbuild-linux-32": "0.14.25",
        "esbuild-linux-64": "0.14.25",
        "esbuild-linux-arm": "0.14.25",
        "esbuild-linux-arm64": "0.14.25",
        "esbuild-linux-mips64le": "0.14.25",
        "esbuild-linux-ppc64le": "0.14.25",
        "esbuild-linux-riscv64": "0.14.25",
        "esbuild-linux-s390x": "0.14.25",
        "esbuild-netbsd-64": "0.14.25",
        "esbuild-openbsd-64": "0.14.25",
        "esbuild-sunos-64": "0.14.25",
        "esbuild-windows-32": "0.14.25",
        "esbuild-windows-64": "0.14.25",
        "esbuild-windows-arm64": "0.14.25"
      }
    },
    "node_modules/esbuild-linux-64": {
      "version": "0.14.25",
      "resolved": "https://registry.npmjs.org/esbuild-linux-64/-/esbuild-linux-64-0.14.25.tgz",
      "integrity": "sha512-+aKHdHZmX9qwVlQmu5xYXh7GsBFf4TWrePgeJTalhXHOG7NNuUwoHmketGiZEoNsWyyqwH9rE5BC+iwcLY30Ug==",
      "cpu": [
        "x64"
      ],
      "license": "MIT",
      "optional": true,
      "os": [
        "linux"
      ],
      "engines": {
        "node": ">=12"
      }
    },
    "node_modules/js-tokens": {
      "version": "4.0.0",
      "resolved": "https://registry.npmjs.org/js-tokens/-/js-tokens-4.0.0.tgz",
      "integrity": "sha512-RdJUflcE3cUzKiMqQgsCu06FPu9UdIJO0beYbPhHN4k6apgJtifcoCtT9bcxOpYBtpD2kCM6Sbzg4CausW/PKQ=="
    },
    "node_modules/loose-envify": {
      "version": "1.4.0",
      "resolved": "https://registry.npmjs.org/loose-envify/-/loose-envify-1.4.0.tgz",
      "integrity": "sha512-lyuxPGr/Wfhrlem2CL/UcnUc1zcqKAImBDzukY7Y5F/yQiNdko6+fRLevlw1HgMySw7f611UIY408EtxRSoK3Q==",
      "dependencies": {
        "js-tokens": "^3.0.0 || ^4.0.0"
      },
      "bin": {
        "loose-envify": "cli.js"
      }
    },
    "node_modules/react": {
      "version": "18.0.0-rc.2",
      "resolved": "https://registry.npmjs.org/react/-/react-18.0.0-rc.2.tgz",
      "integrity": "sha512-q32FWyA5HvqfRCN0ZOk0gUOpzJGPPh8fqbk8DYQuh4DyiGWiNgN/BxMq3/ScY0SlwDB1HOAMU1lUgtaOr5p2Ng==",
      "dependencies": {
        "loose-envify": "^1.1.0"
      },
      "engines": {
        "node": ">=0.10.0"
      }
    },
    "node_modules/react-dom": {
      "version": "18.0.0-rc.2",
      "resolved": "https://registry.npmjs.org/react-dom/-/react-dom-18.0.0-rc.2.tgz",
      "integrity": "sha512-EvLlgtc/wAzAIXX5V1gnLgeK9B3wAdEGmmrXXKRoRzXM0RNNwGN+6OxQPBlACiGDUYYEOk+GT8f6u+gNWDnTtg==",
      "dependencies": {
        "loose-envify": "^1.1.0",
        "scheduler": "^0.21.0-rc.2"
      },
      "peerDependencies": {
        "react": "^18.0.0-rc.2"
      }
    },
    "node_modules/scheduler": {
      "version": "0.21.0-rc.2-next-b9de50d2f-20220308",
      "resolved": "https://registry.npmjs.org/scheduler/-/scheduler-0.21.0-rc.2-next-b9de50d2f-20220308.tgz",
      "integrity": "sha512-aBVNOtcCn7k8FUi0lsIY34DZN1SUeuAjAQB6Y55Cxrhtrx9mggUepmF5gTWn7Z2RkEhQtrp7fzmRA/24bxxNJQ==",
      "dependencies": {
        "loose-envify": "^1.1.0"
      }
    }
  },
  "dependencies": {
    "@hotwired/stimulus": {
      "version": "3.0.1",
      "resolved": "https://registry.npmjs.org/@hotwired/stimulus/-/stimulus-3.0.1.tgz",
      "integrity": "sha512-oHsJhgY2cip+K2ED7vKUNd2P+BEswVhrCYcJ802DSsblJFv7mPFVk3cQKvm2vHgHeDVdnj7oOKrBbzp1u8D+KA=="
    },
    "@hotwired/turbo": {
      "version": "7.1.0",
      "resolved": "https://registry.npmjs.org/@hotwired/turbo/-/turbo-7.1.0.tgz",
      "integrity": "sha512-Q8kGjqwPqER+CtpQudbH+3Zgs2X4zb6pBAlr6NsKTXadg45pAOvxI9i4QpuHbwSzR2+x87HUm+rot9F/Pe8rxA=="
    },
    "@hotwired/turbo-rails": {
      "version": "7.1.1",
      "resolved": "https://registry.npmjs.org/@hotwired/turbo-rails/-/turbo-rails-7.1.1.tgz",
      "integrity": "sha512-ZXpxUjCfkdbuXfoGrsFK80qsVzACs8xCfie9rt2jMTSN6o1olXVA0Nrk8u02yNEwSiVJm/4QSOa8cUcMj6VQjg==",
      "requires": {
        "@hotwired/turbo": "^7.1.0",
        "@rails/actioncable": "^7.0"
      }
    },
    "@rails/actioncable": {
      "version": "7.0.2",
      "resolved": "https://registry.npmjs.org/@rails/actioncable/-/actioncable-7.0.2.tgz",
      "integrity": "sha512-G26maXW1Kx0LxQdmNNuNjQlRO/QlXNr3QfuwKiOKb5FZQGYe2OwtHTGXBAjSoiu4dW36XYMT/+L1Wo1Yov4ZXA=="
    },
    "esbuild": {
      "version": "0.14.25",
      "resolved": "https://registry.npmjs.org/esbuild/-/esbuild-0.14.25.tgz",
      "integrity": "sha512-4JHEIOMNFvK09ziiL+iVmldIhLbn49V4NAVo888tcGFKedEZY/Y8YapfStJ6zSE23tzYPKxqKwQBnQoIO0BI/Q==",
      "requires": {
        "esbuild-android-64": "0.14.25",
        "esbuild-android-arm64": "0.14.25",
        "esbuild-darwin-64": "0.14.25",
        "esbuild-darwin-arm64": "0.14.25",
        "esbuild-freebsd-64": "0.14.25",
        "esbuild-freebsd-arm64": "0.14.25",
        "esbuild-linux-32": "0.14.25",
        "esbuild-linux-64": "0.14.25",
        "esbuild-linux-arm": "0.14.25",
        "esbuild-linux-arm64": "0.14.25",
        "esbuild-linux-mips64le": "0.14.25",
        "esbuild-linux-ppc64le": "0.14.25",
        "esbuild-linux-riscv64": "0.14.25",
        "esbuild-linux-s390x": "0.14.25",
        "esbuild-netbsd-64": "0.14.25",
        "esbuild-openbsd-64": "0.14.25",
        "esbuild-sunos-64": "0.14.25",
        "esbuild-windows-32": "0.14.25",
        "esbuild-windows-64": "0.14.25",
        "esbuild-windows-arm64": "0.14.25"
      }
    },
    "esbuild-linux-64": {
      "version": "0.14.25",
      "resolved": "https://registry.npmjs.org/esbuild-linux-64/-/esbuild-linux-64-0.14.25.tgz",
      "integrity": "sha512-+aKHdHZmX9qwVlQmu5xYXh7GsBFf4TWrePgeJTalhXHOG7NNuUwoHmketGiZEoNsWyyqwH9rE5BC+iwcLY30Ug==",
      "optional": true
    },
    "js-tokens": {
      "version": "4.0.0",
      "resolved": "https://registry.npmjs.org/js-tokens/-/js-tokens-4.0.0.tgz",
      "integrity": "sha512-RdJUflcE3cUzKiMqQgsCu06FPu9UdIJO0beYbPhHN4k6apgJtifcoCtT9bcxOpYBtpD2kCM6Sbzg4CausW/PKQ=="
    },
    "loose-envify": {
      "version": "1.4.0",
      "resolved": "https://registry.npmjs.org/loose-envify/-/loose-envify-1.4.0.tgz",
      "integrity": "sha512-lyuxPGr/Wfhrlem2CL/UcnUc1zcqKAImBDzukY7Y5F/yQiNdko6+fRLevlw1HgMySw7f611UIY408EtxRSoK3Q==",
      "requires": {
        "js-tokens": "^3.0.0 || ^4.0.0"
      }
    },
    "react": {
      "version": "18.0.0-rc.2",
      "resolved": "https://registry.npmjs.org/react/-/react-18.0.0-rc.2.tgz",
      "integrity": "sha512-q32FWyA5HvqfRCN0ZOk0gUOpzJGPPh8fqbk8DYQuh4DyiGWiNgN/BxMq3/ScY0SlwDB1HOAMU1lUgtaOr5p2Ng==",
      "requires": {
        "loose-envify": "^1.1.0"
      }
    },
    "react-dom": {
      "version": "18.0.0-rc.2",
      "resolved": "https://registry.npmjs.org/react-dom/-/react-dom-18.0.0-rc.2.tgz",
      "integrity": "sha512-EvLlgtc/wAzAIXX5V1gnLgeK9B3wAdEGmmrXXKRoRzXM0RNNwGN+6OxQPBlACiGDUYYEOk+GT8f6u+gNWDnTtg==",
      "requires": {
        "loose-envify": "^1.1.0",
        "scheduler": "^0.21.0-rc.2"
      }
    },
    "scheduler": {
      "version": "0.21.0-rc.2-next-b9de50d2f-20220308",
      "resolved": "https://registry.npmjs.org/scheduler/-/scheduler-0.21.0-rc.2-next-b9de50d2f-20220308.tgz",
      "integrity": "sha512-aBVNOtcCn7k8FUi0lsIY34DZN1SUeuAjAQB6Y55Cxrhtrx9mggUepmF5gTWn7Z2RkEhQtrp7fzmRA/24bxxNJQ==",
      "requires": {
        "loose-envify": "^1.1.0"
      }
    }
  }
}
